{
	"name": "音频播放器",
	"version": "2.0.3",
	"lockfileVersion": 2,
	"requires": true,
	"packages": {
		"": {
			"name": "音频播放器",
			"version": "2.0.3",
			"dependencies": {
				"@tencentcloud/call-uikit-vue2": "^3.0.3",
				"tim-js-sdk": "^2.27.5",
				"tim-profanity-filter-plugin": "^0.9.0",
				"tim-upload-plugin": "^1.2.0",
				"tim-wx-sdk": "^2.27.3",
				"trtc-calling-js": "^1.1.1",
				"trtc-js-sdk": "^4.15.14",
				"tsignaling": "^1.0.7"
			}
		},
		"node_modules/@tencentcloud/call-uikit-vue2": {
			"version": "3.0.3",
			"resolved": "https://registry.npmjs.org/@tencentcloud/call-uikit-vue2/-/call-uikit-vue2-3.0.3.tgz",
			"integrity": "sha512-o4nOByLCwItSwHvO9L10dGZ2d+DRONfYL2dgHTYjj+BdDKeca5to4TUqmAv6vLtldply4X7eybBZrwv0//22Pw==",
			"dependencies": {
				"@tencentcloud/tui-core": "^0.0.3",
				"tuicall-engine-webrtc": "^2.0.1"
			}
		},
		"node_modules/@tencentcloud/chat": {
			"version": "3.1.3",
			"resolved": "https://registry.npmjs.org/@tencentcloud/chat/-/chat-3.1.3.tgz",
			"integrity": "sha512-YNpkjyNhzpTewY8cRq+02y9lWqcFvr/sO46Z6qAQcdcfPZCnntYRYjeHFd0jEX+YSHanVF2wZYUv+UEPNQzJPA=="
		},
		"node_modules/@tencentcloud/tui-core": {
			"version": "0.0.3",
			"resolved": "https://registry.npmjs.org/@tencentcloud/tui-core/-/tui-core-0.0.3.tgz",
			"integrity": "sha512-1ISBrFBEUyWdhdANDRr0zLmKLW1/RrP4J1C+rmVfuzSUv/BiNC5zuXD1mVt1riO79vVPCPyY8c5EQBbyZKH8YA==",
			"dependencies": {
				"@tencentcloud/chat": "^3.1.0",
				"tim-profanity-filter-plugin": "^0.9.0",
				"tim-upload-plugin": "^1.2.0"
			}
		},
		"node_modules/rtc-ai-denoiser": {
			"version": "1.1.6",
			"resolved": "https://registry.npmjs.org/rtc-ai-denoiser/-/rtc-ai-denoiser-1.1.6.tgz",
			"integrity": "sha512-XzX2aTz/Z3vpjXFDqHpMpl/1ZjJsp0tRzMbxI3l4cAfD9BafuYrpH9AVSaJDfIEQBUc2m+ng7M4qS4vZ/ynVGg=="
		},
		"node_modules/sdp": {
			"version": "3.2.0",
			"resolved": "https://registry.npmjs.org/sdp/-/sdp-3.2.0.tgz",
			"integrity": "sha512-d7wDPgDV3DDiqulJjKiV2865wKsJ34YI+NDREbm+FySq6WuKOikwyNQcm+doLAZ1O6ltdO0SeKle2xMpN3Brgw=="
		},
		"node_modules/tim-js-sdk": {
			"version": "2.27.5",
			"resolved": "https://registry.npmjs.org/tim-js-sdk/-/tim-js-sdk-2.27.5.tgz",
			"integrity": "sha512-yC0s+sgudwAyiEhaOthNssYbEPTmXF+Q/8vgKT99Xu2L5BUTsQ+r1xRc6mGY5sDrkG7L52yYN+czLSxQWc9ufA=="
		},
		"node_modules/tim-profanity-filter-plugin": {
			"version": "0.9.0",
			"resolved": "https://registry.npmmirror.com/tim-profanity-filter-plugin/-/tim-profanity-filter-plugin-0.9.0.tgz",
			"integrity": "sha512-SDlV3nJfOyohjg4stPMQDZ893WVgvlSwnSqY8hQhbcj80K+joFfeyRKKEkuRhvYWR0f2kn4MM1E0spnQjKN5bg=="
		},
		"node_modules/tim-upload-plugin": {
			"version": "1.2.0",
			"resolved": "https://registry.npmmirror.com/tim-upload-plugin/-/tim-upload-plugin-1.2.0.tgz",
			"integrity": "sha512-ax+I9lnCcX384DQPy3s6U7ibgEzJyUh2LJBwsFyM2aYMt/mlXleu4MawtjO+pMk2auA8tceifzqUDgxsPH2Buw=="
		},
		"node_modules/tim-wx-sdk": {
			"version": "2.27.3",
			"resolved": "https://registry.npmmirror.com/tim-wx-sdk/-/tim-wx-sdk-2.27.3.tgz",
			"integrity": "sha512-9Mirg6oKeQbmwKCX9CdH6k2zYNpF+tWHmh1+EFGlKIAgmJ3jrlj1aP3a+OB8Orn3z4Pj3XX6jUJTBlQK8grgdQ=="
		},
		"node_modules/trtc-calling-js": {
			"version": "1.1.1",
			"resolved": "https://registry.npmjs.org/trtc-calling-js/-/trtc-calling-js-1.1.1.tgz",
			"integrity": "sha512-tnyOQ0LkGzZ67tGjPOM8EUh5Ye3A8TxZv3UJil8Kxyz3xiPjmP2kAp0aU6MX8cCwwvtoe6as8kNqX+FZQJCNxA=="
		},
		"node_modules/trtc-js-sdk": {
			"version": "4.15.14",
			"resolved": "https://registry.npmjs.org/trtc-js-sdk/-/trtc-js-sdk-4.15.14.tgz",
			"integrity": "sha512-VY4qO+VDKx9yP/N2SdjoNFTyXlTU6hTAnbrnF60R1eUI+bwA9zUOfBkRHOlhMqo3IyG4L/OwJhHsjSQVhFTcRw==",
			"dependencies": {
				"webrtc-adapter": "^8.2.3"
			}
		},
		"node_modules/tsignaling": {
			"version": "1.0.7",
			"resolved": "https://registry.npmjs.org/tsignaling/-/tsignaling-1.0.7.tgz",
			"integrity": "sha512-gWb90XURB4p1rfJ2T8zAHm8tTdTEqlEP+l2OByWZo1WsQvNpNLynWkutxYVCPKz1+hltvTMvXhmhkc/evnzOdw=="
		},
		"node_modules/tuicall-engine-webrtc": {
			"version": "2.0.1",
			"resolved": "https://registry.npmjs.org/tuicall-engine-webrtc/-/tuicall-engine-webrtc-2.0.1.tgz",
			"integrity": "sha512-7Y6xckC6d9Mbpiog9wKHRfrCSgUF7HxRec6Q8tUt+1uG9/uxELuFw8rgYAFldkehJkxC+1nQ0EWvwTPnR4GWsg==",
			"dependencies": {
				"@tencentcloud/chat": "^3.0.0",
				"rtc-ai-denoiser": "^1.1.3",
				"trtc-js-sdk": "^4.15.7"
			}
		},
		"node_modules/webrtc-adapter": {
			"version": "8.2.3",
			"resolved": "https://registry.npmjs.org/webrtc-adapter/-/webrtc-adapter-8.2.3.tgz",
			"integrity": "sha512-gnmRz++suzmvxtp3ehQts6s2JtAGPuDPjA1F3a9ckNpG1kYdYuHWYpazoAnL9FS5/B21tKlhkorbdCXat0+4xQ==",
			"dependencies": {
				"sdp": "^3.2.0"
			},
			"engines": {
				"node": ">=6.0.0",
				"npm": ">=3.10.0"
			}
		}
	},
	"dependencies": {
		"@tencentcloud/call-uikit-vue2": {
			"version": "3.0.3",
			"resolved": "https://registry.npmjs.org/@tencentcloud/call-uikit-vue2/-/call-uikit-vue2-3.0.3.tgz",
			"integrity": "sha512-o4nOByLCwItSwHvO9L10dGZ2d+DRONfYL2dgHTYjj+BdDKeca5to4TUqmAv6vLtldply4X7eybBZrwv0//22Pw==",
			"requires": {
				"@tencentcloud/tui-core": "^0.0.3",
				"tuicall-engine-webrtc": "^2.0.1"
			}
		},
		"@tencentcloud/chat": {
			"version": "3.1.3",
			"resolved": "https://registry.npmjs.org/@tencentcloud/chat/-/chat-3.1.3.tgz",
			"integrity": "sha512-YNpkjyNhzpTewY8cRq+02y9lWqcFvr/sO46Z6qAQcdcfPZCnntYRYjeHFd0jEX+YSHanVF2wZYUv+UEPNQzJPA=="
		},
		"@tencentcloud/tui-core": {
			"version": "0.0.3",
			"resolved": "https://registry.npmjs.org/@tencentcloud/tui-core/-/tui-core-0.0.3.tgz",
			"integrity": "sha512-1ISBrFBEUyWdhdANDRr0zLmKLW1/RrP4J1C+rmVfuzSUv/BiNC5zuXD1mVt1riO79vVPCPyY8c5EQBbyZKH8YA==",
			"requires": {
				"@tencentcloud/chat": "^3.1.0",
				"tim-profanity-filter-plugin": "^0.9.0",
				"tim-upload-plugin": "^1.2.0"
			}
		},
		"rtc-ai-denoiser": {
			"version": "1.1.6",
			"resolved": "https://registry.npmjs.org/rtc-ai-denoiser/-/rtc-ai-denoiser-1.1.6.tgz",
			"integrity": "sha512-XzX2aTz/Z3vpjXFDqHpMpl/1ZjJsp0tRzMbxI3l4cAfD9BafuYrpH9AVSaJDfIEQBUc2m+ng7M4qS4vZ/ynVGg=="
		},
		"sdp": {
			"version": "3.2.0",
			"resolved": "https://registry.npmjs.org/sdp/-/sdp-3.2.0.tgz",
			"integrity": "sha512-d7wDPgDV3DDiqulJjKiV2865wKsJ34YI+NDREbm+FySq6WuKOikwyNQcm+doLAZ1O6ltdO0SeKle2xMpN3Brgw=="
		},
		"tim-js-sdk": {
			"version": "2.27.5",
			"resolved": "https://registry.npmjs.org/tim-js-sdk/-/tim-js-sdk-2.27.5.tgz",
			"integrity": "sha512-yC0s+sgudwAyiEhaOthNssYbEPTmXF+Q/8vgKT99Xu2L5BUTsQ+r1xRc6mGY5sDrkG7L52yYN+czLSxQWc9ufA=="
		},
		"tim-profanity-filter-plugin": {
			"version": "0.9.0",
			"resolved": "https://registry.npmmirror.com/tim-profanity-filter-plugin/-/tim-profanity-filter-plugin-0.9.0.tgz",
			"integrity": "sha512-SDlV3nJfOyohjg4stPMQDZ893WVgvlSwnSqY8hQhbcj80K+joFfeyRKKEkuRhvYWR0f2kn4MM1E0spnQjKN5bg=="
		},
		"tim-upload-plugin": {
			"version": "1.2.0",
			"resolved": "https://registry.npmmirror.com/tim-upload-plugin/-/tim-upload-plugin-1.2.0.tgz",
			"integrity": "sha512-ax+I9lnCcX384DQPy3s6U7ibgEzJyUh2LJBwsFyM2aYMt/mlXleu4MawtjO+pMk2auA8tceifzqUDgxsPH2Buw=="
		},
		"tim-wx-sdk": {
			"version": "2.27.3",
			"resolved": "https://registry.npmmirror.com/tim-wx-sdk/-/tim-wx-sdk-2.27.3.tgz",
			"integrity": "sha512-9Mirg6oKeQbmwKCX9CdH6k2zYNpF+tWHmh1+EFGlKIAgmJ3jrlj1aP3a+OB8Orn3z4Pj3XX6jUJTBlQK8grgdQ=="
		},
		"trtc-calling-js": {
			"version": "1.1.1",
			"resolved": "https://registry.npmjs.org/trtc-calling-js/-/trtc-calling-js-1.1.1.tgz",
			"integrity": "sha512-tnyOQ0LkGzZ67tGjPOM8EUh5Ye3A8TxZv3UJil8Kxyz3xiPjmP2kAp0aU6MX8cCwwvtoe6as8kNqX+FZQJCNxA=="
		},
		"trtc-js-sdk": {
			"version": "4.15.14",
			"resolved": "https://registry.npmjs.org/trtc-js-sdk/-/trtc-js-sdk-4.15.14.tgz",
			"integrity": "sha512-VY4qO+VDKx9yP/N2SdjoNFTyXlTU6hTAnbrnF60R1eUI+bwA9zUOfBkRHOlhMqo3IyG4L/OwJhHsjSQVhFTcRw==",
			"requires": {
				"webrtc-adapter": "^8.2.3"
			}
		},
		"tsignaling": {
			"version": "1.0.7",
			"resolved": "https://registry.npmjs.org/tsignaling/-/tsignaling-1.0.7.tgz",
			"integrity": "sha512-gWb90XURB4p1rfJ2T8zAHm8tTdTEqlEP+l2OByWZo1WsQvNpNLynWkutxYVCPKz1+hltvTMvXhmhkc/evnzOdw=="
		},
		"tuicall-engine-webrtc": {
			"version": "2.0.1",
			"resolved": "https://registry.npmjs.org/tuicall-engine-webrtc/-/tuicall-engine-webrtc-2.0.1.tgz",
			"integrity": "sha512-7Y6xckC6d9Mbpiog9wKHRfrCSgUF7HxRec6Q8tUt+1uG9/uxELuFw8rgYAFldkehJkxC+1nQ0EWvwTPnR4GWsg==",
			"requires": {
				"@tencentcloud/chat": "^3.0.0",
				"rtc-ai-denoiser": "^1.1.3",
				"trtc-js-sdk": "^4.15.7"
			}
		},
		"webrtc-adapter": {
			"version": "8.2.3",
			"resolved": "https://registry.npmjs.org/webrtc-adapter/-/webrtc-adapter-8.2.3.tgz",
			"integrity": "sha512-gnmRz++suzmvxtp3ehQts6s2JtAGPuDPjA1F3a9ckNpG1kYdYuHWYpazoAnL9FS5/B21tKlhkorbdCXat0+4xQ==",
			"requires": {
				"sdp": "^3.2.0"
			}
		}
	}
}
